// !$*UTF8*$!
{
	archiveVersion = 1;
	classes = {
	};
	objectVersion = 50;
	objects = {

/* Begin PBXBuildFile section */
		35AEF80D247408FA00D3B695 /* AppDelegate.m in Sources */ = {isa = PBXBuildFile; fileRef = 35AEF80C247408FA00D3B695 /* AppDelegate.m */; };
		35AEF810247408FA00D3B695 /* SceneDelegate.m in Sources */ = {isa = PBXBuildFile; fileRef = 35AEF80F247408FA00D3B695 /* SceneDelegate.m */; };
		35AEF813247408FA00D3B695 /* ViewController.m in Sources */ = {isa = PBXBuildFile; fileRef = 35AEF812247408FA00D3B695 /* ViewController.m */; };
		35AEF816247408FA00D3B695 /* Main.storyboard in Resources */ = {isa = PBXBuildFile; fileRef = 35AEF814247408FA00D3B695 /* Main.storyboard */; };
		35AEF818247408FB00D3B695 /* Assets.xcassets in Resources */ = {isa = PBXBuildFile; fileRef = 35AEF817247408FB00D3B695 /* Assets.xcassets */; };
		35AEF81B247408FB00D3B695 /* LaunchScreen.storyboard in Resources */ = {isa = PBXBuildFile; fileRef = 35AEF819247408FB00D3B695 /* LaunchScreen.storyboard */; };
		35AEF81E247408FB00D3B695 /* main.m in Sources */ = {isa = PBXBuildFile; fileRef = 35AEF81D247408FB00D3B695 /* main.m */; };
		CA5295F3B588F0A216559C9B /* Pods_DBBaseDemo.framework in Frameworks */ = {isa = PBXBuildFile; fileRef = 1A46188EEB857F61D6CD70E9 /* Pods_DBBaseDemo.framework */; };
/* End PBXBuildFile section */

/* Begin PBXFileReference section */
		1A46188EEB857F61D6CD70E9 /* Pods_DBBaseDemo.framework */ = {isa = PBXFileReference; explicitFileType = wrapper.framework; includeInIndex = 0; path = Pods_DBBaseDemo.framework; sourceTree = BUILT_PRODUCTS_DIR; };
		1C9618F585A0B0C9FDCA3016 /* Pods-DBBaseDemo.debug.xcconfig */ = {isa = PBXFileReference; includeInIndex = 1; lastKnownFileType = text.xcconfig; name = "Pods-DBBaseDemo.debug.xcconfig"; path = "Target Support Files/Pods-DBBaseDemo/Pods-DBBaseDemo.debug.xcconfig"; sourceTree = "<group>"; };
		35AEF808247408FA00D3B695 /* DBBaseDemo.app */ = {isa = PBXFileReference; explicitFileType = wrapper.application; includeInIndex = 0; path = DBBaseDemo.app; sourceTree = BUILT_PRODUCTS_DIR; };
		35AEF80B247408FA00D3B695 /* AppDelegate.h */ = {isa = PBXFileReference; lastKnownFileType = sourcecode.c.h; path = AppDelegate.h; sourceTree = "<group>"; };
		35AEF80C247408FA00D3B695 /* AppDelegate.m */ = {isa = PBXFileReference; lastKnownFileType = sourcecode.c.objc; path = AppDelegate.m; sourceTree = "<group>"; };
		35AEF80E247408FA00D3B695 /* SceneDelegate.h */ = {isa = PBXFileReference; lastKnownFileType = sourcecode.c.h; path = SceneDelegate.h; sourceTree = "<group>"; };
		35AEF80F247408FA00D3B695 /* SceneDelegate.m */ = {isa = PBXFileReference; lastKnownFileType = sourcecode.c.objc; path = SceneDelegate.m; sourceTree = "<group>"; };
		35AEF811247408FA00D3B695 /* ViewController.h */ = {isa = PBXFileReference; lastKnownFileType = sourcecode.c.h; path = ViewController.h; sourceTree = "<group>"; };
		35AEF812247408FA00D3B695 /* ViewController.m */ = {isa = PBXFileReference; lastKnownFileType = sourcecode.c.objc; path = ViewController.m; sourceTree = "<group>"; };
		35AEF815247408FA00D3B695 /* Base */ = {isa = PBXFileReference; lastKnownFileType = file.storyboard; name = Base; path = Base.lproj/Main.storyboard; sourceTree = "<group>"; };
		35AEF817247408FB00D3B695 /* Assets.xcassets */ = {isa = PBXFileReference; lastKnownFileType = folder.assetcatalog; path = Assets.xcassets; sourceTree = "<group>"; };
		35AEF81A247408FB00D3B695 /* Base */ = {isa = PBXFileReference; lastKnownFileType = file.storyboard; name = Base; path = Base.lproj/LaunchScreen.storyboard; sourceTree = "<group>"; };
		35AEF81C247408FB00D3B695 /* Info.plist */ = {isa = PBXFileReference; lastKnownFileType = text.plist.xml; path = Info.plist; sourceTree = "<group>"; };
		35AEF81D247408FB00D3B695 /* main.m */ = {isa = PBXFileReference; lastKnownFileType = sourcecode.c.objc; path = main.m; sourceTree = "<group>"; };
		603FFC0AD87B9A922FBF5CC8 /* Pods-DBBaseDemo.release.xcconfig */ = {isa = PBXFileReference; includeInIndex = 1; lastKnownFileType = text.xcconfig; name = "Pods-DBBaseDemo.release.xcconfig"; path = "Target Support Files/Pods-DBBaseDemo/Pods-DBBaseDemo.release.xcconfig"; sourceTree = "<group>"; };
/* End PBXFileReference section */

/* Begin PBXFrameworksBuildPhase section */
		35AEF805247408FA00D3B695 /* Frameworks */ = {
			isa = PBXFrameworksBuildPhase;
			buildActionMask = 2147483647;
			files = (
				CA5295F3B588F0A216559C9B /* Pods_DBBaseDemo.framework in Frameworks */,
			);
			runOnlyForDeploymentPostprocessing = 0;
		};
/* End PBXFrameworksBuildPhase section */

/* Begin PBXGroup section */
		35AEF7FF247408FA00D3B695 = {
			isa = PBXGroup;
			children = (
				35AEF80A247408FA00D3B695 /* DBBaseDemo */,
				35AEF809247408FA00D3B695 /* Products */,
				D624B9B694A8C3736A7D1D4D /* Pods */,
				B6CA391AFEB4EB319887A8AD /* Frameworks */,
			);
			sourceTree = "<group>";
		};
		35AEF809247408FA00D3B695 /* Products */ = {
			isa = PBXGroup;
			children = (
				35AEF808247408FA00D3B695 /* DBBaseDemo.app */,
			);
			name = Products;
			sourceTree = "<group>";
		};
		35AEF80A247408FA00D3B695 /* DBBaseDemo */ = {
			isa = PBXGroup;
			children = (
				35AEF80B247408FA00D3B695 /* AppDelegate.h */,
				35AEF80C247408FA00D3B695 /* AppDelegate.m */,
				35AEF80E247408FA00D3B695 /* SceneDelegate.h */,
				35AEF80F247408FA00D3B695 /* SceneDelegate.m */,
				35AEF811247408FA00D3B695 /* ViewController.h */,
				35AEF812247408FA00D3B695 /* ViewController.m */,
				35AEF814247408FA00D3B695 /* Main.storyboard */,
				35AEF817247408FB00D3B695 /* Assets.xcassets */,
				35AEF819247408FB00D3B695 /* LaunchScreen.storyboard */,
				35AEF81C247408FB00D3B695 /* Info.plist */,
				35AEF81D247408FB00D3B695 /* main.m */,
			);
			path = DBBaseDemo;
			sourceTree = "<group>";
		};
		B6CA391AFEB4EB319887A8AD /* Frameworks */ = {
			isa = PBXGroup;
			children = (
				1A46188EEB857F61D6CD70E9 /* Pods_DBBaseDemo.framework */,
			);
			name = Frameworks;
			sourceTree = "<group>";
		};
		D624B9B694A8C3736A7D1D4D /* Pods */ = {
			isa = PBXGroup;
			children = (
				1C9618F585A0B0C9FDCA3016 /* Pods-DBBaseDemo.debug.xcconfig */,
				603FFC0AD87B9A922FBF5CC8 /* Pods-DBBaseDemo.release.xcconfig */,
			);
			name = Pods;
			path = Pods;
			sourceTree = "<group>";
		};
/* End PBXGroup section */

/* Begin PBXNativeTarget section */
		35AEF807247408FA00D3B695 /* DBBaseDemo */ = {
			isa = PBXNativeTarget;
			buildConfigurationList = 35AEF821247408FB00D3B695 /* Build configuration list for PBXNativeTarget "DBBaseDemo" */;
			buildPhases = (
				DABFBE81251F4E4958AD1817 /* [CP] Check Pods Manifest.lock */,
				35AEF804247408FA00D3B695 /* Sources */,
				35AEF805247408FA00D3B695 /* Frameworks */,
				35AEF806247408FA00D3B695 /* Resources */,
				954BDC7BCC62AA6AA4E259E8 /* [CP] Embed Pods Frameworks */,
			);
			buildRules = (
			);
			dependencies = (
			);
			name = DBBaseDemo;
			productName = DBBaseDemo;
			productReference = 35AEF808247408FA00D3B695 /* DBBaseDemo.app */;
			productType = "com.apple.product-type.application";
		};
/* End PBXNativeTarget section */

/* Begin PBXProject section */
		35AEF800247408FA00D3B695 /* Project object */ = {
			isa = PBXProject;
			attributes = {
				LastUpgradeCheck = 1140;
				ORGANIZATIONNAME = biaobei;
				TargetAttributes = {
					35AEF807247408FA00D3B695 = {
						CreatedOnToolsVersion = 11.4.1;
					};
				};
			};
			buildConfigurationList = 35AEF803247408FA00D3B695 /* Build configuration list for PBXProject "DBBaseDemo" */;
			compatibilityVersion = "Xcode 9.3";
			developmentRegion = en;
			hasScannedForEncodings = 0;
			knownRegions = (
				en,
				Base,
			);
			mainGroup = 35AEF7FF247408FA00D3B695;
			productRefGroup = 35AEF809247408FA00D3B695 /* Products */;
			projectDirPath = "";
			projectRoot = "";
			targets = (
				35AEF807247408FA00D3B695 /* DBBaseDemo */,
			);
		};
/* End PBXProject section */

/* Begin PBXResourcesBuildPhase section */
		35AEF806247408FA00D3B695 /* Resources */ = {
			isa = PBXResourcesBuildPhase;
			buildActionMask = 2147483647;
			files = (
				35AEF81B247408FB00D3B695 /* LaunchScreen.storyboard in Resources */,
				35AEF818247408FB00D3B695 /* Assets.xcassets in Resources */,
				35AEF816247408FA00D3B695 /* Main.storyboard in Resources */,
			);
			runOnlyForDeploymentPostprocessing = 0;
		};
/* End PBXResourcesBuildPhase section */

/* Begin PBXShellScriptBuildPhase section */
		954BDC7BCC62AA6AA4E259E8 /* [CP] Embed Pods Frameworks */ = {
			isa = PBXShellScriptBuildPhase;
			buildActionMask = 2147483647;
			files = (
			);
			inputFileListPaths = (
				"${PODS_ROOT}/Target Support Files/Pods-DBBaseDemo/Pods-DBBaseDemo-frameworks-${CONFIGURATION}-input-files.xcfilelist",
			);
			name = "[CP] Embed Pods Frameworks";
			outputFileListPaths = (
				"${PODS_ROOT}/Target Support Files/Pods-DBBaseDemo/Pods-DBBaseDemo-frameworks-${CONFIGURATION}-output-files.xcfilelist",
			);
			runOnlyForDeploymentPostprocessing = 0;
			shellPath = /bin/sh;
			shellScript = "\"${PODS_ROOT}/Target Support Files/Pods-DBBaseDemo/Pods-DBBaseDemo-frameworks.sh\"\n";
			showEnvVarsInLog = 0;
		};
		DABFBE81251F4E4958AD1817 /* [CP] Check Pods Manifest.lock */ = {
			isa = PBXShellScriptBuildPhase;
			buildActionMask = 2147483647;
			files = (
			);
			inputFileListPaths = (
			);
			inputPaths = (
				"${PODS_PODFILE_DIR_PATH}/Podfile.lock",
				"${PODS_ROOT}/Manifest.lock",
			);
			name = "[CP] Check Pods Manifest.lock";
			outputFileListPaths = (
			);
			outputPaths = (
				"$(DERIVED_FILE_DIR)/Pods-DBBaseDemo-checkManifestLockResult.txt",
			);
			runOnlyForDeploymentPostprocessing = 0;
			shellPath = /bin/sh;
			shellScript = "diff \"${PODS_PODFILE_DIR_PATH}/Podfile.lock\" \"${PODS_ROOT}/Manifest.lock\" > /dev/null\nif [ $? != 0 ] ; then\n    # print error to STDERR\n    echo \"error: The sandbox is not in sync with the Podfile.lock. Run 'pod install' or update your CocoaPods installation.\" >&2\n    exit 1\nfi\n# This output is used by Xcode 'outputs' to avoid re-running this script phase.\necho \"SUCCESS\" > \"${SCRIPT_OUTPUT_FILE_0}\"\n";
			showEnvVarsInLog = 0;
		};
/* End PBXShellScriptBuildPhase section */

/* Begin PBXSourcesBuildPhase section */
		35AEF804247408FA00D3B695 /* Sources */ = {
			isa = PBXSourcesBuildPhase;
			buildActionMask = 2147483647;
			files = (
				35AEF813247408FA00D3B695 /* ViewController.m in Sources */,
				35AEF80D247408FA00D3B695 /* AppDelegate.m in Sources */,
				35AEF81E247408FB00D3B695 /* main.m in Sources */,
				35AEF810247408FA00D3B695 /* SceneDelegate.m in Sources */,
			);
			runOnlyForDeploymentPostprocessing = 0;
		};
/* End PBXSourcesBuildPhase section */

/* Begin PBXVariantGroup section */
		35AEF814247408FA00D3B695 /* Main.storyboard */ = {
			isa = PBXVariantGroup;
			children = (
				35AEF815247408FA00D3B695 /* Base */,
			);
			name = Main.storyboard;
			sourceTree = "<group>";
		};
		35AEF819247408FB00D3B695 /* LaunchScreen.storyboard */ = {
			isa = PBXVariantGroup;
			children = (
				35AEF81A247408FB00D3B695 /* Base */,
			);
			name = LaunchScreen.storyboard;
			sourceTree = "<group>";
		};
/* End PBXVariantGroup section */

/* Begin XCBuildConfiguration section */
		35AEF81F247408FB00D3B695 /* Debug */ = {
			isa = XCBuildConfiguration;
			buildSettings = {
				ALWAYS_SEARCH_USER_PATHS = NO;
				CLANG_ANALYZER_NONNULL = YES;
				CLANG_ANALYZER_NUMBER_OBJECT_CONVERSION = YES_AGGRESSIVE;
				CLANG_CXX_LANGUAGE_STANDARD = "gnu++14";
				CLANG_CXX_LIBRARY = "libc++";
				CLANG_ENABLE_MODULES = YES;
				CLANG_ENABLE_OBJC_ARC = YES;
				CLANG_ENABLE_OBJC_WEAK = YES;
				CLANG_WARN_BLOCK_CAPTURE_AUTORELEASING = YES;
				CLANG_WARN_BOOL_CONVERSION = YES;
				CLANG_WARN_COMMA = YES;
				CLANG_WARN_CONSTANT_CONVERSION = YES;
				CLANG_WARN_DEPRECATED_OBJC_IMPLEMENTATIONS = YES;
				CLANG_WARN_DIRECT_OBJC_ISA_USAGE = YES_ERROR;
				CLANG_WARN_DOCUMENTATION_COMMENTS = YES;
				CLANG_WARN_EMPTY_BODY = YES;
				CLANG_WARN_ENUM_CONVERSION = YES;
				CLANG_WARN_INFINITE_RECURSION = YES;
				CLANG_WARN_INT_CONVERSION = YES;
				CLANG_WARN_NON_LITERAL_NULL_CONVERSION = YES;
				CLANG_WARN_OBJC_IMPLICIT_RETAIN_SELF = YES;
				CLANG_WARN_OBJC_LITERAL_CONVERSION = YES;
				CLANG_WARN_OBJC_ROOT_CLASS = YES_ERROR;
				CLANG_WARN_RANGE_LOOP_ANALYSIS = YES;
				CLANG_WARN_STRICT_PROTOTYPES = YES;
				CLANG_WARN_SUSPICIOUS_MOVE = YES;
				CLANG_WARN_UNGUARDED_AVAILABILITY = YES_AGGRESSIVE;
				CLANG_WARN_UNREACHABLE_CODE = YES;
				CLANG_WARN__DUPLICATE_METHOD_MATCH = YES;
				COPY_PHASE_STRIP = NO;
				DEBUG_INFORMATION_FORMAT = dwarf;
				ENABLE_STRICT_OBJC_MSGSEND = YES;
				ENABLE_TESTABILITY = YES;
				GCC_C_LANGUAGE_STANDARD = gnu11;
				GCC_DYNAMIC_NO_PIC = NO;
				GCC_NO_COMMON_BLOCKS = YES;
				GCC_OPTIMIZATION_LEVEL = 0;
				GCC_PREPROCESSOR_DEFINITIONS = (
					"DEBUG=1",
					"$(inherited)",
				);
				GCC_WARN_64_TO_32_BIT_CONVERSION = YES;
				GCC_WARN_ABOUT_RETURN_TYPE = YES_ERROR;
				GCC_WARN_UNDECLARED_SELECTOR = YES;
				GCC_WARN_UNINITIALIZED_AUTOS = YES_AGGRESSIVE;
				GCC_WARN_UNUSED_FUNCTION = YES;
				GCC_WARN_UNUSED_VARIABLE = YES;
				IPHONEOS_DEPLOYMENT_TARGET = 13.4;
				MTL_ENABLE_DEBUG_INFO = INCLUDE_SOURCE;
				MTL_FAST_MATH = YES;
				ONLY_ACTIVE_ARCH = YES;
				SDKROOT = iphoneos;
			};
			name = Debug;
		};
		35AEF820247408FB00D3B695 /* Release */ = {
			isa = XCBuildConfiguration;
			buildSettings = {
				ALWAYS_SEARCH_USER_PATHS = NO;
				CLANG_ANALYZER_NONNULL = YES;
				CLANG_ANALYZER_NUMBER_OBJECT_CONVERSION = YES_AGGRESSIVE;
				CLANG_CXX_LANGUAGE_STANDARD = "gnu++14";
				CLANG_CXX_LIBRARY = "libc++";
				CLANG_ENABLE_MODULES = YES;
				CLANG_ENABLE_OBJC_ARC = YES;
				CLANG_ENABLE_OBJC_WEAK = YES;
				CLANG_WARN_BLOCK_CAPTURE_AUTORELEASING = YES;
				CLANG_WARN_BOOL_CONVERSION = YES;
				CLANG_WARN_COMMA = YES;
				CLANG_WARN_CONSTANT_CONVERSION = YES;
				CLANG_WARN_DEPRECATED_OBJC_IMPLEMENTATIONS = YES;
				CLANG_WARN_DIRECT_OBJC_ISA_USAGE = YES_ERROR;
				CLANG_WARN_DOCUMENTATION_COMMENTS = YES;
				CLANG_WARN_EMPTY_BODY = YES;
				CLANG_WARN_ENUM_CONVERSION = YES;
				CLANG_WARN_INFINITE_RECURSION = YES;
				CLANG_WARN_INT_CONVERSION = YES;
				CLANG_WARN_NON_LITERAL_NULL_CONVERSION = YES;
				CLANG_WARN_OBJC_IMPLICIT_RETAIN_SELF = YES;
				CLANG_WARN_OBJC_LITERAL_CONVERSION = YES;
				CLANG_WARN_OBJC_ROOT_CLASS = YES_ERROR;
				CLANG_WARN_RANGE_LOOP_ANALYSIS = YES;
				CLANG_WARN_STRICT_PROTOTYPES = YES;
				CLANG_WARN_SUSPICIOUS_MOVE = YES;
				CLANG_WARN_UNGUARDED_AVAILABILITY = YES_AGGRESSIVE;
				CLANG_WARN_UNREACHABLE_CODE = YES;
				CLANG_WARN__DUPLICATE_METHOD_MATCH = YES;
				COPY_PHASE_STRIP = NO;
				DEBUG_INFORMATION_FORMAT = "dwarf-with-dsym";
				ENABLE_NS_ASSERTIONS = NO;
				ENABLE_STRICT_OBJC_MSGSEND = YES;
				GCC_C_LANGUAGE_STANDARD = gnu11;
				GCC_NO_COMMON_BLOCKS = YES;
				GCC_WARN_64_TO_32_BIT_CONVERSION = YES;
				GCC_WARN_ABOUT_RETURN_TYPE = YES_ERROR;
				GCC_WARN_UNDECLARED_SELECTOR = YES;
				GCC_WARN_UNINITIALIZED_AUTOS = YES_AGGRESSIVE;
				GCC_WARN_UNUSED_FUNCTION = YES;
				GCC_WARN_UNUSED_VARIABLE = YES;
				IPHONEOS_DEPLOYMENT_TARGET = 13.4;
				MTL_ENABLE_DEBUG_INFO = NO;
				MTL_FAST_MATH = YES;
				SDKROOT = iphoneos;
				VALIDATE_PRODUCT = YES;
			};
			name = Release;
		};
		35AEF822247408FB00D3B695 /* Debug */ = {
			isa = XCBuildConfiguration;
			baseConfigurationReference = 1C9618F585A0B0C9FDCA3016 /* Pods-DBBaseDemo.debug.xcconfig */;
			buildSettings = {
				ASSETCATALOG_COMPILER_APPICON_NAME = AppIcon;
				CODE_SIGN_STYLE = Automatic;
				DEVELOPMENT_TEAM = 6K53WJAQ2L;
				INFOPLIST_FILE = DBBaseDemo/Info.plist;
				LD_RUNPATH_SEARCH_PATHS = (
					"$(inherited)",
					"@executable_path/Frameworks",
				);
				PRODUCT_BUNDLE_IDENTIFIER = biaobei.DBBaseDemo;
				PRODUCT_NAME = "$(TARGET_NAME)";
				TARGETED_DEVICE_FAMILY = "1,2";
			};
			name = Debug;
		};
		35AEF823247408FB00D3B695 /* Release */ = {
			isa = XCBuildConfiguration;
			baseConfigurationReference = 603FFC0AD87B9A922FBF5CC8 /* Pods-DBBaseDemo.release.xcconfig */;
			buildSettings = {
				ASSETCATALOG_COMPILER_APPICON_NAME = AppIcon;
				CODE_SIGN_STYLE = Automatic;
				DEVELOPMENT_TEAM = 6K53WJAQ2L;
				INFOPLIST_FILE = DBBaseDemo/Info.plist;
				LD_RUNPATH_SEARCH_PATHS = (
					"$(inherited)",
					"@executable_path/Frameworks",
				);
				PRODUCT_BUNDLE_IDENTIFIER = biaobei.DBBaseDemo;
				PRODUCT_NAME = "$(TARGET_NAME)";
				TARGETED_DEVICE_FAMILY = "1,2";
			};
			name = Release;
		};
/* End XCBuildConfiguration section */

/* Begin XCConfigurationList section */
		35AEF803247408FA00D3B695 /* Build configuration list for PBXProject "DBBaseDemo" */ = {
			isa = XCConfigurationList;
			buildConfigurations = (
				35AEF81F247408FB00D3B695 /* Debug */,
				35AEF820247408FB00D3B695 /* Release */,
			);
			defaultConfigurationIsVisible = 0;
			defaultConfigurationName = Release;
		};
		35AEF821247408FB00D3B695 /* Build configuration list for PBXNativeTarget "DBBaseDemo" */ = {
			isa = XCConfigurationList;
			buildConfigurations = (
				35AEF822247408FB00D3B695 /* Debug */,
				35AEF823247408FB00D3B695 /* Release */,
			);
			defaultConfigurationIsVisible = 0;
			defaultConfigurationName = Release;
		};
/* End XCConfigurationList section */
	};
	rootObject = 35AEF800247408FA00D3B695 /* Project object */;
}
